{
  "nodes": {
    "nixpkgs": {
      "locked": {
        "lastModified": 1780322522,
        "narHash": "sha256-7ABUq1eWJ+8OXL562e/MGchw6Tc7tUa8Duy+EnN0vEc=",
        "owner": "NixOS",
        "repo": "nixpkgs",
        "rev": "db9a4f18b35576f193da56361758a3a51282e189",
        "type": "github"
      },
      "original": {
        "owner": "NixOS",
        "repo": "nixpkgs",
        "type": "github"
      }
    },
    "root": {
      "inputs": {
        "nixpkgs": "nixpkgs"
      }
    }
  },
  "root": "root",
  "version": 7
}
